
Microsoft Visual Studio Solution File, Format Version 12.00
# Visual Studio Version 16
VisualStudioVersion = 16.0.31313.79
MinimumVisualStudioVersion = 10.0.40219.1
Project("{FAE04EC0-301F-11D3-BF4B-00C04F79EFBC}") = "DatabaseProj", "DatabaseProj\DatabaseProj.csproj", "{3B1D1725-CDEE-45F6-8145-75610D963CB3}"
EndProject
Global
	GlobalSection(SolutionConfigurationPlatforms) = preSolution
		Debug|Any CPU = Debug|Any CPU
		Release|Any CPU = Release|Any CPU
	EndGlobalSection
	GlobalSection(ProjectConfigurationPlatforms) = postSolution
		{3B1D1725-CDEE-45F6-8145-75610D963CB3}.Debug|Any CPU.ActiveCfg = Debug|Any CPU
		{3B1D1725-CDEE-45F6-8145-75610D963CB3}.Debug|Any CPU.Build.0 = Debug|Any CPU
		{3B1D1725-CDEE-45F6-8145-75610D963CB3}.Release|Any CPU.ActiveCfg = Release|Any CPU
		{3B1D1725-CDEE-45F6-8145-75610D963CB3}.Release|Any CPU.Build.0 = Release|Any CPU
	EndGlobalSection
	GlobalSection(SolutionProperties) = preSolution
		HideSolutionNode = FALSE
	EndGlobalSection
	GlobalSection(ExtensibilityGlobals) = postSolution
		SolutionGuid = {34271B69-9B3F-4A93-A85A-4E5AEA7D4F68}
	EndGlobalSection
EndGlobal
